{
    "requires": true,
    "lockfileVersion": 1,
    "dependencies": {
        "bootstrap-icons": {
            "version": "1.0.0",
            "resolved": "https://registry.npmjs.org/bootstrap-icons/-/bootstrap-icons-1.0.0.tgz",
            "integrity": "sha512-PaQm3VtSqbUnWuyqGmFJG5iF9UMieDuk8raPOmKOtKeyWyiVshgLoKa+9EWGolGU/nvyBLEBWhZoQqhu9ccNBg=="
        },
        "jquery-chained": {
            "version": "2.0.0-beta.2",
            "resolved": "https://registry.npmjs.org/jquery-chained/-/jquery-chained-2.0.0-beta.2.tgz",
            "integrity": "sha1-Z6Klu3vmVJy/nBN0o0M3O2tOi0g="
        }
    }
}
